
Microsoft Visual Studio Solution File, Format Version 12.00
# Visual Studio Version 16
VisualStudioVersion = 16.0.30114.105
MinimumVisualStudioVersion = 10.0.40219.1
Project("{FAE04EC0-301F-11D3-BF4B-00C04F79EFBC}") = "CafeLibrary", "CafeLibrary\CafeLibrary.csproj", "{FFB283A9-9BE6-411B-80B5-A97B2672E421}"
EndProject
Project("{FAE04EC0-301F-11D3-BF4B-00C04F79EFBC}") = "CafeTests", "CafeTests\CafeTests.csproj", "{2F3026F9-4653-44FA-91AC-944109127E64}"
EndProject
Project("{FAE04EC0-301F-11D3-BF4B-00C04F79EFBC}") = "CafeUI", "CafeUI\CafeUI.csproj", "{548CD5A5-EBE7-4169-BBA1-90C0E9955D2E}"
EndProject
Global
	GlobalSection(SolutionConfigurationPlatforms) = preSolution
		Debug|Any CPU = Debug|Any CPU
		Debug|x64 = Debug|x64
		Debug|x86 = Debug|x86
		Release|Any CPU = Release|Any CPU
		Release|x64 = Release|x64
		Release|x86 = Release|x86
	EndGlobalSection
	GlobalSection(SolutionProperties) = preSolution
		HideSolutionNode = FALSE
	EndGlobalSection
	GlobalSection(ProjectConfigurationPlatforms) = postSolution
		{FFB283A9-9BE6-411B-80B5-A97B2672E421}.Debug|Any CPU.ActiveCfg = Debug|Any CPU
		{FFB283A9-9BE6-411B-80B5-A97B2672E421}.Debug|Any CPU.Build.0 = Debug|Any CPU
		{FFB283A9-9BE6-411B-80B5-A97B2672E421}.Debug|x64.ActiveCfg = Debug|Any CPU
		{FFB283A9-9BE6-411B-80B5-A97B2672E421}.Debug|x64.Build.0 = Debug|Any CPU
		{FFB283A9-9BE6-411B-80B5-A97B2672E421}.Debug|x86.ActiveCfg = Debug|Any CPU
		{FFB283A9-9BE6-411B-80B5-A97B2672E421}.Debug|x86.Build.0 = Debug|Any CPU
		{FFB283A9-9BE6-411B-80B5-A97B2672E421}.Release|Any CPU.ActiveCfg = Release|Any CPU
		{FFB283A9-9BE6-411B-80B5-A97B2672E421}.Release|Any CPU.Build.0 = Release|Any CPU
		{FFB283A9-9BE6-411B-80B5-A97B2672E421}.Release|x64.ActiveCfg = Release|Any CPU
		{FFB283A9-9BE6-411B-80B5-A97B2672E421}.Release|x64.Build.0 = Release|Any CPU
		{FFB283A9-9BE6-411B-80B5-A97B2672E421}.Release|x86.ActiveCfg = Release|Any CPU
		{FFB283A9-9BE6-411B-80B5-A97B2672E421}.Release|x86.Build.0 = Release|Any CPU
		{2F3026F9-4653-44FA-91AC-944109127E64}.Debug|Any CPU.ActiveCfg = Debug|Any CPU
		{2F3026F9-4653-44FA-91AC-944109127E64}.Debug|Any CPU.Build.0 = Debug|Any CPU
		{2F3026F9-4653-44FA-91AC-944109127E64}.Debug|x64.ActiveCfg = Debug|Any CPU
		{2F3026F9-4653-44FA-91AC-944109127E64}.Debug|x64.Build.0 = Debug|Any CPU
		{2F3026F9-4653-44FA-91AC-944109127E64}.Debug|x86.ActiveCfg = Debug|Any CPU
		{2F3026F9-4653-44FA-91AC-944109127E64}.Debug|x86.Build.0 = Debug|Any CPU
		{2F3026F9-4653-44FA-91AC-944109127E64}.Release|Any CPU.ActiveCfg = Release|Any CPU
		{2F3026F9-4653-44FA-91AC-944109127E64}.Release|Any CPU.Build.0 = Release|Any CPU
		{2F3026F9-4653-44FA-91AC-944109127E64}.Release|x64.ActiveCfg = Release|Any CPU
		{2F3026F9-4653-44FA-91AC-944109127E64}.Release|x64.Build.0 = Release|Any CPU
		{2F3026F9-4653-44FA-91AC-944109127E64}.Release|x86.ActiveCfg = Release|Any CPU
		{2F3026F9-4653-44FA-91AC-944109127E64}.Release|x86.Build.0 = Release|Any CPU
		{548CD5A5-EBE7-4169-BBA1-90C0E9955D2E}.Debug|Any CPU.ActiveCfg = Debug|Any CPU
		{548CD5A5-EBE7-4169-BBA1-90C0E9955D2E}.Debug|Any CPU.Build.0 = Debug|Any CPU
		{548CD5A5-EBE7-4169-BBA1-90C0E9955D2E}.Debug|x64.ActiveCfg = Debug|Any CPU
		{548CD5A5-EBE7-4169-BBA1-90C0E9955D2E}.Debug|x64.Build.0 = Debug|Any CPU
		{548CD5A5-EBE7-4169-BBA1-90C0E9955D2E}.Debug|x86.ActiveCfg = Debug|Any CPU
		{548CD5A5-EBE7-4169-BBA1-90C0E9955D2E}.Debug|x86.Build.0 = Debug|Any CPU
		{548CD5A5-EBE7-4169-BBA1-90C0E9955D2E}.Release|Any CPU.ActiveCfg = Release|Any CPU
		{548CD5A5-EBE7-4169-BBA1-90C0E9955D2E}.Release|Any CPU.Build.0 = Release|Any CPU
		{548CD5A5-EBE7-4169-BBA1-90C0E9955D2E}.Release|x64.ActiveCfg = Release|Any CPU
		{548CD5A5-EBE7-4169-BBA1-90C0E9955D2E}.Release|x64.Build.0 = Release|Any CPU
		{548CD5A5-EBE7-4169-BBA1-90C0E9955D2E}.Release|x86.ActiveCfg = Release|Any CPU
		{548CD5A5-EBE7-4169-BBA1-90C0E9955D2E}.Release|x86.Build.0 = Release|Any CPU
	EndGlobalSection
EndGlobal
